
Microsoft Visual Studio Solution File, Format Version 12.00
# Visual Studio Version 17
VisualStudioVersion = 17.12.35527.113 d17.12
MinimumVisualStudioVersion = 10.0.40219.1
Project("{FAE04EC0-301F-11D3-BF4B-00C04F79EFBC}") = "WordGuessingGame.API", "WordGuessingGame.API\WordGuessingGame.API.csproj", "{ECA892C6-C199-406B-9C28-1977CC78F767}"
EndProject
Project("{FAE04EC0-301F-11D3-BF4B-00C04F79EFBC}") = "WordGuessingGame.Tests.Unit", "WordGuessingGame.Tests.Unit\WordGuessingGame.Tests.Unit.csproj", "{1DD5C2C8-79AB-43E0-995B-5DFF62AEAE10}"
EndProject
Global
	GlobalSection(SolutionConfigurationPlatforms) = preSolution
		Debug|Any CPU = Debug|Any CPU
		Release|Any CPU = Release|Any CPU
	EndGlobalSection
	GlobalSection(ProjectConfigurationPlatforms) = postSolution
		{ECA892C6-C199-406B-9C28-1977CC78F767}.Debug|Any CPU.ActiveCfg = Debug|Any CPU
		{ECA892C6-C199-406B-9C28-1977CC78F767}.Debug|Any CPU.Build.0 = Debug|Any CPU
		{ECA892C6-C199-406B-9C28-1977CC78F767}.Release|Any CPU.ActiveCfg = Release|Any CPU
		{ECA892C6-C199-406B-9C28-1977CC78F767}.Release|Any CPU.Build.0 = Release|Any CPU
		{1DD5C2C8-79AB-43E0-995B-5DFF62AEAE10}.Debug|Any CPU.ActiveCfg = Debug|Any CPU
		{1DD5C2C8-79AB-43E0-995B-5DFF62AEAE10}.Debug|Any CPU.Build.0 = Debug|Any CPU
		{1DD5C2C8-79AB-43E0-995B-5DFF62AEAE10}.Release|Any CPU.ActiveCfg = Release|Any CPU
		{1DD5C2C8-79AB-43E0-995B-5DFF62AEAE10}.Release|Any CPU.Build.0 = Release|Any CPU
	EndGlobalSection
	GlobalSection(SolutionProperties) = preSolution
		HideSolutionNode = FALSE
	EndGlobalSection
EndGlobal
